
Microsoft Visual Studio Solution File, Format Version 12.00
# Visual Studio Version 17
VisualStudioVersion = 17.4.33122.133
MinimumVisualStudioVersion = 10.0.40219.1
Project("{FAE04EC0-301F-11D3-BF4B-00C04F79EFBC}") = "Flights", "Flights\Flights.csproj", "{861B9D3E-8F93-4FB8-8866-1AC59DA143BA}"
EndProject
Global
	GlobalSection(SolutionConfigurationPlatforms) = preSolution
		Debug|Any CPU = Debug|Any CPU
		Release|Any CPU = Release|Any CPU
	EndGlobalSection
	GlobalSection(ProjectConfigurationPlatforms) = postSolution
		{861B9D3E-8F93-4FB8-8866-1AC59DA143BA}.Debug|Any CPU.ActiveCfg = Debug|Any CPU
		{861B9D3E-8F93-4FB8-8866-1AC59DA143BA}.Debug|Any CPU.Build.0 = Debug|Any CPU
		{861B9D3E-8F93-4FB8-8866-1AC59DA143BA}.Release|Any CPU.ActiveCfg = Release|Any CPU
		{861B9D3E-8F93-4FB8-8866-1AC59DA143BA}.Release|Any CPU.Build.0 = Release|Any CPU
	EndGlobalSection
	GlobalSection(SolutionProperties) = preSolution
		HideSolutionNode = FALSE
	EndGlobalSection
	GlobalSection(ExtensibilityGlobals) = postSolution
		SolutionGuid = {0315EB9C-DEA2-4631-8522-04818C696E84}
	EndGlobalSection
EndGlobal
